
Microsoft Visual Studio Solution File, Format Version 12.00
# Visual Studio 2013
VisualStudioVersion = 12.0.31101.0
MinimumVisualStudioVersion = 10.0.40219.1
Project("{FAE04EC0-301F-11D3-BF4B-00C04F79EFBC}") = "NTiere_Angularjs_codefirst_Simply.Domain", "NTiere_Angularjs_codefirst_Simply.Domain\NTiere_Angularjs_codefirst_Simply.Domain.csproj", "{973E4DBD-0BF3-4AD3-8D04-CB92AD562FDF}"
EndProject
Project("{FAE04EC0-301F-11D3-BF4B-00C04F79EFBC}") = "NTiere_Angularjs_codefirst_Simply.Data", "NTiere_Angularjs_codefirst_Simply.Data\NTiere_Angularjs_codefirst_Simply.Data.csproj", "{4ECF950A-3107-478B-9D6E-76774F429310}"
EndProject
Project("{FAE04EC0-301F-11D3-BF4B-00C04F79EFBC}") = "NTiere_Angularjs_codefirst_Simply.Service", "NTiere_Angularjs_codefirst_Simply.Service\NTiere_Angularjs_codefirst_Simply.Service.csproj", "{068C3FB0-5851-49A8-8D06-E0A8A0F7458F}"
EndProject
Project("{FAE04EC0-301F-11D3-BF4B-00C04F79EFBC}") = "NTiere_Angularjs_codefirst_Simply.MVC.UI", "NTiere_Angularjs_codefirst_Simply.MVC.UI\NTiere_Angularjs_codefirst_Simply.MVC.UI.csproj", "{325C9ED9-09FA-4A53-92A9-AF43F502D2BB}"
EndProject
Project("{2150E333-8FDC-42A3-9474-1A3956D46DE8}") = "Solution Items", "Solution Items", "{AB031E2F-55AC-4F1F-A52A-AA4B730D6AD0}"
	ProjectSection(SolutionItems) = preProject
		..\..\USERS\DANAND\APPDATA\LOCAL\MICROSOFT\VISUALSTUDIO\12.0\EXTENSIONS\RNZ3JHMY.CAW\description.html = ..\..\USERS\DANAND\APPDATA\LOCAL\MICROSOFT\VISUALSTUDIO\12.0\EXTENSIONS\RNZ3JHMY.CAW\description.html
	EndProjectSection
EndProject
Global
	GlobalSection(SolutionConfigurationPlatforms) = preSolution
		Debug|Any CPU = Debug|Any CPU
		Release|Any CPU = Release|Any CPU
	EndGlobalSection
	GlobalSection(ProjectConfigurationPlatforms) = postSolution
		{973E4DBD-0BF3-4AD3-8D04-CB92AD562FDF}.Debug|Any CPU.ActiveCfg = Debug|Any CPU
		{973E4DBD-0BF3-4AD3-8D04-CB92AD562FDF}.Debug|Any CPU.Build.0 = Debug|Any CPU
		{973E4DBD-0BF3-4AD3-8D04-CB92AD562FDF}.Release|Any CPU.ActiveCfg = Release|Any CPU
		{973E4DBD-0BF3-4AD3-8D04-CB92AD562FDF}.Release|Any CPU.Build.0 = Release|Any CPU
		{4ECF950A-3107-478B-9D6E-76774F429310}.Debug|Any CPU.ActiveCfg = Debug|Any CPU
		{4ECF950A-3107-478B-9D6E-76774F429310}.Debug|Any CPU.Build.0 = Debug|Any CPU
		{4ECF950A-3107-478B-9D6E-76774F429310}.Release|Any CPU.ActiveCfg = Release|Any CPU
		{4ECF950A-3107-478B-9D6E-76774F429310}.Release|Any CPU.Build.0 = Release|Any CPU
		{068C3FB0-5851-49A8-8D06-E0A8A0F7458F}.Debug|Any CPU.ActiveCfg = Debug|Any CPU
		{068C3FB0-5851-49A8-8D06-E0A8A0F7458F}.Debug|Any CPU.Build.0 = Debug|Any CPU
		{068C3FB0-5851-49A8-8D06-E0A8A0F7458F}.Release|Any CPU.ActiveCfg = Release|Any CPU
		{068C3FB0-5851-49A8-8D06-E0A8A0F7458F}.Release|Any CPU.Build.0 = Release|Any CPU
		{325C9ED9-09FA-4A53-92A9-AF43F502D2BB}.Debug|Any CPU.ActiveCfg = Debug|Any CPU
		{325C9ED9-09FA-4A53-92A9-AF43F502D2BB}.Debug|Any CPU.Build.0 = Debug|Any CPU
		{325C9ED9-09FA-4A53-92A9-AF43F502D2BB}.Release|Any CPU.ActiveCfg = Release|Any CPU
		{325C9ED9-09FA-4A53-92A9-AF43F502D2BB}.Release|Any CPU.Build.0 = Release|Any CPU
	EndGlobalSection
	GlobalSection(SolutionProperties) = preSolution
		HideSolutionNode = FALSE
	EndGlobalSection
	GlobalSection(NestedProjects) = preSolution
		{973E4DBD-0BF3-4AD3-8D04-CB92AD562FDF} = {AB031E2F-55AC-4F1F-A52A-AA4B730D6AD0}
		{4ECF950A-3107-478B-9D6E-76774F429310} = {AB031E2F-55AC-4F1F-A52A-AA4B730D6AD0}
		{068C3FB0-5851-49A8-8D06-E0A8A0F7458F} = {AB031E2F-55AC-4F1F-A52A-AA4B730D6AD0}
		{325C9ED9-09FA-4A53-92A9-AF43F502D2BB} = {AB031E2F-55AC-4F1F-A52A-AA4B730D6AD0}
	EndGlobalSection
EndGlobal
